{
  "nodes": {
    "home-manager": {
      "inputs": {
        "nixpkgs": [
          "nixpkgs"
        ]
      },
      "locked": {
        "lastModified": 1697555443,
        "narHash": "sha256-nsq8A+adEdN7bvVdz09LFyrHkTW5GtOzo/ctlHhyaaE=",
        "owner": "nix-community",
        "repo": "home-manager",
        "rev": "b3acf1dc78b38a2fe03b287fead44d7ad25ac7c5",
        "type": "github"
      },
      "original": {
        "owner": "nix-community",
        "repo": "home-manager",
        "rev": "b3acf1dc78b38a2fe03b287fead44d7ad25ac7c5",
        "type": "github"
      }
    },
    "nixpkgs": {
      "locked": {
        "lastModified": 1697491200,
        "narHash": "sha256-mPTJwCWCFAPBfBhswJ7P6/L58uGzyZCrWCuapcv7Zkw=",
        "owner": "nixos",
        "repo": "nixpkgs",
        "rev": "d479580285ed54b392f718c23a2d0cbfd303b62b",
        "type": "github"
      },
      "original": {
        "owner": "nixos",
        "repo": "nixpkgs",
        "rev": "d479580285ed54b392f718c23a2d0cbfd303b62b",
        "type": "github"
      }
    },
    "root": {
      "inputs": {
        "home-manager": "home-manager",
        "nixpkgs": "nixpkgs"
      }
    }
  },
  "root": "root",
  "version": 7
}
