{
  "nodes": {
    "home-manager": {
      "inputs": {
        "nixpkgs": [
          "nixpkgs"
        ]
      },
      "locked": {
        "lastModified": 1702937117,
        "narHash": "sha256-4GjkL2D01bDg00UZN/SeGrnBZrDVOFeZTbQx6U702Vc=",
        "owner": "nix-community",
        "repo": "home-manager",
        "rev": "e8aaced73ebaf6bfa8e3c6ab0a19cb184bc4d798",
        "type": "github"
      },
      "original": {
        "owner": "nix-community",
        "repo": "home-manager",
        "type": "github"
      }
    },
    "nixpkgs": {
      "locked": {
        "lastModified": 1702998770,
        "narHash": "sha256-vTkCh03PuhW6dcWS0PkTjh79f8g6NBbwX2kf4/UV58w=",
        "owner": "nixos",
        "repo": "nixpkgs",
        "rev": "63dd8e1d2e81aaecb7de9b70ca143a607b19a3b9",
        "type": "github"
      },
      "original": {
        "owner": "nixos",
        "repo": "nixpkgs",
        "type": "github"
      }
    },
    "root": {
      "inputs": {
        "home-manager": "home-manager",
        "nixpkgs": "nixpkgs"
      }
    }
  },
  "root": "root",
  "version": 7
}
